// !$*UTF8*$!
{
	archiveVersion = 1;
	classes = {
	};
	objectVersion = 50;
	objects = {

/* Begin PBXBuildFile section */
		DD553DD22338F08E000A900B /* DequerDataSource.swift in Sources */ = {isa = PBXBuildFile; fileRef = DD553DD12338F08E000A900B /* DequerDataSource.swift */; };
		DD553DD82338FD50000A900B /* DequerError.swift in Sources */ = {isa = PBXBuildFile; fileRef = DD553DD72338FD50000A900B /* DequerError.swift */; };
		DD9A2AD323074DB900E0FB35 /* MainNavigation.swift in Sources */ = {isa = PBXBuildFile; fileRef = DD9A2AD223074DB900E0FB35 /* MainNavigation.swift */; };
		DD9A2AD52307549700E0FB35 /* Dequer.podspec in Resources */ = {isa = PBXBuildFile; fileRef = DD9A2AD42307549700E0FB35 /* Dequer.podspec */; };
		DD9A2AD723076E4400E0FB35 /* LICENSE.md in Resources */ = {isa = PBXBuildFile; fileRef = DD9A2AD623076E4400E0FB35 /* LICENSE.md */; };
		DD9A2AD923076E4B00E0FB35 /* README.md in Resources */ = {isa = PBXBuildFile; fileRef = DD9A2AD823076E4A00E0FB35 /* README.md */; };
		DDF8389823071794009A7861 /* AppDelegate.swift in Sources */ = {isa = PBXBuildFile; fileRef = DDF8389723071794009A7861 /* AppDelegate.swift */; };
		DDF8389D23071794009A7861 /* Main.storyboard in Resources */ = {isa = PBXBuildFile; fileRef = DDF8389B23071794009A7861 /* Main.storyboard */; };
		DDF8389F23071796009A7861 /* Assets.xcassets in Resources */ = {isa = PBXBuildFile; fileRef = DDF8389E23071796009A7861 /* Assets.xcassets */; };
		DDF838A223071796009A7861 /* LaunchScreen.storyboard in Resources */ = {isa = PBXBuildFile; fileRef = DDF838A023071796009A7861 /* LaunchScreen.storyboard */; };
		DDF838AB230717F4009A7861 /* Dequer.swift in Sources */ = {isa = PBXBuildFile; fileRef = DDF838AA230717F4009A7861 /* Dequer.swift */; };
		DDF838AD23071D94009A7861 /* Dequer+TableView.swift in Sources */ = {isa = PBXBuildFile; fileRef = DDF838AC23071D94009A7861 /* Dequer+TableView.swift */; };
		DDF838B0230722F6009A7861 /* Dequer+CollectionView.swift in Sources */ = {isa = PBXBuildFile; fileRef = DDF838AF230722F6009A7861 /* Dequer+CollectionView.swift */; };
		DDF838B223072468009A7861 /* PersonCell.swift in Sources */ = {isa = PBXBuildFile; fileRef = DDF838B123072468009A7861 /* PersonCell.swift */; };
		DDF838B4230725BF009A7861 /* TableVC.swift in Sources */ = {isa = PBXBuildFile; fileRef = DDF838B3230725BF009A7861 /* TableVC.swift */; };
		DDF838B6230726D0009A7861 /* CollectionVC.swift in Sources */ = {isa = PBXBuildFile; fileRef = DDF838B5230726D0009A7861 /* CollectionVC.swift */; };
		DDF838B8230726F6009A7861 /* AnimalCell.swift in Sources */ = {isa = PBXBuildFile; fileRef = DDF838B7230726F6009A7861 /* AnimalCell.swift */; };
		DDF838C023072922009A7861 /* Person.swift in Sources */ = {isa = PBXBuildFile; fileRef = DDF838BF23072922009A7861 /* Person.swift */; };
		DDF838C223074723009A7861 /* Animal.swift in Sources */ = {isa = PBXBuildFile; fileRef = DDF838C123074723009A7861 /* Animal.swift */; };
		DDF838C4230749F3009A7861 /* AnimalCell.xib in Resources */ = {isa = PBXBuildFile; fileRef = DDF838C3230749F3009A7861 /* AnimalCell.xib */; };
		DDF838C623074A54009A7861 /* MainVC.swift in Sources */ = {isa = PBXBuildFile; fileRef = DDF838C523074A54009A7861 /* MainVC.swift */; };
		DDF838C823074B1C009A7861 /* MohamadrezaView.swift in Sources */ = {isa = PBXBuildFile; fileRef = DDF838C723074B1C009A7861 /* MohamadrezaView.swift */; };
/* End PBXBuildFile section */

/* Begin PBXFileReference section */
		DD553DD12338F08E000A900B /* DequerDataSource.swift */ = {isa = PBXFileReference; lastKnownFileType = sourcecode.swift; path = DequerDataSource.swift; sourceTree = "<group>"; };
		DD553DD72338FD50000A900B /* DequerError.swift */ = {isa = PBXFileReference; lastKnownFileType = sourcecode.swift; path = DequerError.swift; sourceTree = "<group>"; };
		DD9A2AD223074DB900E0FB35 /* MainNavigation.swift */ = {isa = PBXFileReference; lastKnownFileType = sourcecode.swift; path = MainNavigation.swift; sourceTree = "<group>"; };
		DD9A2AD42307549700E0FB35 /* Dequer.podspec */ = {isa = PBXFileReference; lastKnownFileType = text; path = Dequer.podspec; sourceTree = SOURCE_ROOT; xcLanguageSpecificationIdentifier = xcode.lang.ruby; };
		DD9A2AD623076E4400E0FB35 /* LICENSE.md */ = {isa = PBXFileReference; fileEncoding = 4; lastKnownFileType = net.daringfireball.markdown; path = LICENSE.md; sourceTree = SOURCE_ROOT; };
		DD9A2AD823076E4A00E0FB35 /* README.md */ = {isa = PBXFileReference; fileEncoding = 4; lastKnownFileType = net.daringfireball.markdown; path = README.md; sourceTree = SOURCE_ROOT; };
		DDF8389423071794009A7861 /* Dequer.app */ = {isa = PBXFileReference; explicitFileType = wrapper.application; includeInIndex = 0; path = Dequer.app; sourceTree = BUILT_PRODUCTS_DIR; };
		DDF8389723071794009A7861 /* AppDelegate.swift */ = {isa = PBXFileReference; lastKnownFileType = sourcecode.swift; path = AppDelegate.swift; sourceTree = "<group>"; };
		DDF8389C23071794009A7861 /* Base */ = {isa = PBXFileReference; lastKnownFileType = file.storyboard; name = Base; path = Base.lproj/Main.storyboard; sourceTree = "<group>"; };
		DDF8389E23071796009A7861 /* Assets.xcassets */ = {isa = PBXFileReference; lastKnownFileType = folder.assetcatalog; path = Assets.xcassets; sourceTree = "<group>"; };
		DDF838A123071796009A7861 /* Base */ = {isa = PBXFileReference; lastKnownFileType = file.storyboard; name = Base; path = Base.lproj/LaunchScreen.storyboard; sourceTree = "<group>"; };
		DDF838A323071796009A7861 /* Info.plist */ = {isa = PBXFileReference; lastKnownFileType = text.plist.xml; path = Info.plist; sourceTree = "<group>"; };
		DDF838AA230717F4009A7861 /* Dequer.swift */ = {isa = PBXFileReference; lastKnownFileType = sourcecode.swift; path = Dequer.swift; sourceTree = "<group>"; };
		DDF838AC23071D94009A7861 /* Dequer+TableView.swift */ = {isa = PBXFileReference; lastKnownFileType = sourcecode.swift; path = "Dequer+TableView.swift"; sourceTree = "<group>"; };
		DDF838AF230722F6009A7861 /* Dequer+CollectionView.swift */ = {isa = PBXFileReference; lastKnownFileType = sourcecode.swift; path = "Dequer+CollectionView.swift"; sourceTree = "<group>"; };
		DDF838B123072468009A7861 /* PersonCell.swift */ = {isa = PBXFileReference; lastKnownFileType = sourcecode.swift; path = PersonCell.swift; sourceTree = "<group>"; };
		DDF838B3230725BF009A7861 /* TableVC.swift */ = {isa = PBXFileReference; lastKnownFileType = sourcecode.swift; path = TableVC.swift; sourceTree = "<group>"; };
		DDF838B5230726D0009A7861 /* CollectionVC.swift */ = {isa = PBXFileReference; lastKnownFileType = sourcecode.swift; path = CollectionVC.swift; sourceTree = "<group>"; };
		DDF838B7230726F6009A7861 /* AnimalCell.swift */ = {isa = PBXFileReference; lastKnownFileType = sourcecode.swift; path = AnimalCell.swift; sourceTree = "<group>"; };
		DDF838BF23072922009A7861 /* Person.swift */ = {isa = PBXFileReference; lastKnownFileType = sourcecode.swift; path = Person.swift; sourceTree = "<group>"; };
		DDF838C123074723009A7861 /* Animal.swift */ = {isa = PBXFileReference; lastKnownFileType = sourcecode.swift; path = Animal.swift; sourceTree = "<group>"; };
		DDF838C3230749F3009A7861 /* AnimalCell.xib */ = {isa = PBXFileReference; lastKnownFileType = file.xib; path = AnimalCell.xib; sourceTree = "<group>"; };
		DDF838C523074A54009A7861 /* MainVC.swift */ = {isa = PBXFileReference; lastKnownFileType = sourcecode.swift; path = MainVC.swift; sourceTree = "<group>"; };
		DDF838C723074B1C009A7861 /* MohamadrezaView.swift */ = {isa = PBXFileReference; lastKnownFileType = sourcecode.swift; path = MohamadrezaView.swift; sourceTree = "<group>"; };
/* End PBXFileReference section */

/* Begin PBXFrameworksBuildPhase section */
		DDF8389123071794009A7861 /* Frameworks */ = {
			isa = PBXFrameworksBuildPhase;
			buildActionMask = 2147483647;
			files = (
			);
			runOnlyForDeploymentPostprocessing = 0;
		};
/* End PBXFrameworksBuildPhase section */

/* Begin PBXGroup section */
		DDF8388B23071794009A7861 = {
			isa = PBXGroup;
			children = (
				DDF8389623071794009A7861 /* Dequer */,
				DDF8389523071794009A7861 /* Products */,
			);
			sourceTree = "<group>";
		};
		DDF8389523071794009A7861 /* Products */ = {
			isa = PBXGroup;
			children = (
				DDF8389423071794009A7861 /* Dequer.app */,
			);
			name = Products;
			sourceTree = "<group>";
		};
		DDF8389623071794009A7861 /* Dequer */ = {
			isa = PBXGroup;
			children = (
				DDF838A9230717AF009A7861 /* Source */,
				DDF838B9230728BD009A7861 /* App */,
				DDF8389723071794009A7861 /* AppDelegate.swift */,
				DDF8389E23071796009A7861 /* Assets.xcassets */,
				DDF838A023071796009A7861 /* LaunchScreen.storyboard */,
				DDF838A323071796009A7861 /* Info.plist */,
				DD9A2AD42307549700E0FB35 /* Dequer.podspec */,
				DD9A2AD623076E4400E0FB35 /* LICENSE.md */,
				DD9A2AD823076E4A00E0FB35 /* README.md */,
				DDF838C723074B1C009A7861 /* MohamadrezaView.swift */,
			);
			path = Dequer;
			sourceTree = "<group>";
		};
		DDF838A9230717AF009A7861 /* Source */ = {
			isa = PBXGroup;
			children = (
				DDF838AA230717F4009A7861 /* Dequer.swift */,
				DD553DD12338F08E000A900B /* DequerDataSource.swift */,
				DD553DD72338FD50000A900B /* DequerError.swift */,
				DDF838AC23071D94009A7861 /* Dequer+TableView.swift */,
				DDF838AF230722F6009A7861 /* Dequer+CollectionView.swift */,
			);
			path = Source;
			sourceTree = SOURCE_ROOT;
		};
		DDF838B9230728BD009A7861 /* App */ = {
			isa = PBXGroup;
			children = (
				DDF838BA230728C9009A7861 /* Main */,
			);
			path = App;
			sourceTree = "<group>";
		};
		DDF838BA230728C9009A7861 /* Main */ = {
			isa = PBXGroup;
			children = (
				DDF8389B23071794009A7861 /* Main.storyboard */,
				DD9A2AD223074DB900E0FB35 /* MainNavigation.swift */,
				DDF838BB230728D5009A7861 /* ViewController */,
				DDF838BD230728E4009A7861 /* View */,
				DDF838BE230728E9009A7861 /* Model */,
			);
			path = Main;
			sourceTree = "<group>";
		};
		DDF838BB230728D5009A7861 /* ViewController */ = {
			isa = PBXGroup;
			children = (
				DDF838C523074A54009A7861 /* MainVC.swift */,
				DDF838B3230725BF009A7861 /* TableVC.swift */,
				DDF838B5230726D0009A7861 /* CollectionVC.swift */,
			);
			path = ViewController;
			sourceTree = "<group>";
		};
		DDF838BD230728E4009A7861 /* View */ = {
			isa = PBXGroup;
			children = (
				DDF838B123072468009A7861 /* PersonCell.swift */,
				DDF838B7230726F6009A7861 /* AnimalCell.swift */,
				DDF838C3230749F3009A7861 /* AnimalCell.xib */,
			);
			path = View;
			sourceTree = "<group>";
		};
		DDF838BE230728E9009A7861 /* Model */ = {
			isa = PBXGroup;
			children = (
				DDF838BF23072922009A7861 /* Person.swift */,
				DDF838C123074723009A7861 /* Animal.swift */,
			);
			path = Model;
			sourceTree = "<group>";
		};
/* End PBXGroup section */

/* Begin PBXNativeTarget section */
		DDF8389323071794009A7861 /* Dequer */ = {
			isa = PBXNativeTarget;
			buildConfigurationList = DDF838A623071796009A7861 /* Build configuration list for PBXNativeTarget "Dequer" */;
			buildPhases = (
				DDF8389023071794009A7861 /* Sources */,
				DDF8389123071794009A7861 /* Frameworks */,
				DDF8389223071794009A7861 /* Resources */,
			);
			buildRules = (
			);
			dependencies = (
			);
			name = Dequer;
			productName = Dequer;
			productReference = DDF8389423071794009A7861 /* Dequer.app */;
			productType = "com.apple.product-type.application";
		};
/* End PBXNativeTarget section */

/* Begin PBXProject section */
		DDF8388C23071794009A7861 /* Project object */ = {
			isa = PBXProject;
			attributes = {
				LastSwiftUpdateCheck = 1020;
				LastUpgradeCheck = 1020;
				ORGANIZATIONNAME = "Apple Code";
				TargetAttributes = {
					DDF8389323071794009A7861 = {
						CreatedOnToolsVersion = 10.2.1;
					};
				};
			};
			buildConfigurationList = DDF8388F23071794009A7861 /* Build configuration list for PBXProject "Dequer" */;
			compatibilityVersion = "Xcode 9.3";
			developmentRegion = en;
			hasScannedForEncodings = 0;
			knownRegions = (
				en,
				Base,
			);
			mainGroup = DDF8388B23071794009A7861;
			productRefGroup = DDF8389523071794009A7861 /* Products */;
			projectDirPath = "";
			projectRoot = "";
			targets = (
				DDF8389323071794009A7861 /* Dequer */,
			);
		};
/* End PBXProject section */

/* Begin PBXResourcesBuildPhase section */
		DDF8389223071794009A7861 /* Resources */ = {
			isa = PBXResourcesBuildPhase;
			buildActionMask = 2147483647;
			files = (
				DD9A2AD52307549700E0FB35 /* Dequer.podspec in Resources */,
				DDF838A223071796009A7861 /* LaunchScreen.storyboard in Resources */,
				DDF838C4230749F3009A7861 /* AnimalCell.xib in Resources */,
				DD9A2AD923076E4B00E0FB35 /* README.md in Resources */,
				DDF8389F23071796009A7861 /* Assets.xcassets in Resources */,
				DD9A2AD723076E4400E0FB35 /* LICENSE.md in Resources */,
				DDF8389D23071794009A7861 /* Main.storyboard in Resources */,
			);
			runOnlyForDeploymentPostprocessing = 0;
		};
/* End PBXResourcesBuildPhase section */

/* Begin PBXSourcesBuildPhase section */
		DDF8389023071794009A7861 /* Sources */ = {
			isa = PBXSourcesBuildPhase;
			buildActionMask = 2147483647;
			files = (
				DDF838B223072468009A7861 /* PersonCell.swift in Sources */,
				DDF838AD23071D94009A7861 /* Dequer+TableView.swift in Sources */,
				DD553DD22338F08E000A900B /* DequerDataSource.swift in Sources */,
				DDF838AB230717F4009A7861 /* Dequer.swift in Sources */,
				DDF838B4230725BF009A7861 /* TableVC.swift in Sources */,
				DDF838C823074B1C009A7861 /* MohamadrezaView.swift in Sources */,
				DDF838C623074A54009A7861 /* MainVC.swift in Sources */,
				DDF838B6230726D0009A7861 /* CollectionVC.swift in Sources */,
				DD553DD82338FD50000A900B /* DequerError.swift in Sources */,
				DDF838B8230726F6009A7861 /* AnimalCell.swift in Sources */,
				DD9A2AD323074DB900E0FB35 /* MainNavigation.swift in Sources */,
				DDF838C023072922009A7861 /* Person.swift in Sources */,
				DDF838B0230722F6009A7861 /* Dequer+CollectionView.swift in Sources */,
				DDF8389823071794009A7861 /* AppDelegate.swift in Sources */,
				DDF838C223074723009A7861 /* Animal.swift in Sources */,
			);
			runOnlyForDeploymentPostprocessing = 0;
		};
/* End PBXSourcesBuildPhase section */

/* Begin PBXVariantGroup section */
		DDF8389B23071794009A7861 /* Main.storyboard */ = {
			isa = PBXVariantGroup;
			children = (
				DDF8389C23071794009A7861 /* Base */,
			);
			name = Main.storyboard;
			sourceTree = "<group>";
		};
		DDF838A023071796009A7861 /* LaunchScreen.storyboard */ = {
			isa = PBXVariantGroup;
			children = (
				DDF838A123071796009A7861 /* Base */,
			);
			name = LaunchScreen.storyboard;
			sourceTree = "<group>";
		};
/* End PBXVariantGroup section */

/* Begin XCBuildConfiguration section */
		DDF838A423071796009A7861 /* Debug */ = {
			isa = XCBuildConfiguration;
			buildSettings = {
				ALWAYS_SEARCH_USER_PATHS = NO;
				CLANG_ANALYZER_NONNULL = YES;
				CLANG_ANALYZER_NUMBER_OBJECT_CONVERSION = YES_AGGRESSIVE;
				CLANG_CXX_LANGUAGE_STANDARD = "gnu++14";
				CLANG_CXX_LIBRARY = "libc++";
				CLANG_ENABLE_MODULES = YES;
				CLANG_ENABLE_OBJC_ARC = YES;
				CLANG_ENABLE_OBJC_WEAK = YES;
				CLANG_WARN_BLOCK_CAPTURE_AUTORELEASING = YES;
				CLANG_WARN_BOOL_CONVERSION = YES;
				CLANG_WARN_COMMA = YES;
				CLANG_WARN_CONSTANT_CONVERSION = YES;
				CLANG_WARN_DEPRECATED_OBJC_IMPLEMENTATIONS = YES;
				CLANG_WARN_DIRECT_OBJC_ISA_USAGE = YES_ERROR;
				CLANG_WARN_DOCUMENTATION_COMMENTS = YES;
				CLANG_WARN_EMPTY_BODY = YES;
				CLANG_WARN_ENUM_CONVERSION = YES;
				CLANG_WARN_INFINITE_RECURSION = YES;
				CLANG_WARN_INT_CONVERSION = YES;
				CLANG_WARN_NON_LITERAL_NULL_CONVERSION = YES;
				CLANG_WARN_OBJC_IMPLICIT_RETAIN_SELF = YES;
				CLANG_WARN_OBJC_LITERAL_CONVERSION = YES;
				CLANG_WARN_OBJC_ROOT_CLASS = YES_ERROR;
				CLANG_WARN_RANGE_LOOP_ANALYSIS = YES;
				CLANG_WARN_STRICT_PROTOTYPES = YES;
				CLANG_WARN_SUSPICIOUS_MOVE = YES;
				CLANG_WARN_UNGUARDED_AVAILABILITY = YES_AGGRESSIVE;
				CLANG_WARN_UNREACHABLE_CODE = YES;
				CLANG_WARN__DUPLICATE_METHOD_MATCH = YES;
				CODE_SIGN_IDENTITY = "iPhone Developer";
				COPY_PHASE_STRIP = NO;
				DEBUG_INFORMATION_FORMAT = dwarf;
				ENABLE_STRICT_OBJC_MSGSEND = YES;
				ENABLE_TESTABILITY = YES;
				GCC_C_LANGUAGE_STANDARD = gnu11;
				GCC_DYNAMIC_NO_PIC = NO;
				GCC_NO_COMMON_BLOCKS = YES;
				GCC_OPTIMIZATION_LEVEL = 0;
				GCC_PREPROCESSOR_DEFINITIONS = (
					"DEBUG=1",
					"$(inherited)",
				);
				GCC_WARN_64_TO_32_BIT_CONVERSION = YES;
				GCC_WARN_ABOUT_RETURN_TYPE = YES_ERROR;
				GCC_WARN_UNDECLARED_SELECTOR = YES;
				GCC_WARN_UNINITIALIZED_AUTOS = YES_AGGRESSIVE;
				GCC_WARN_UNUSED_FUNCTION = YES;
				GCC_WARN_UNUSED_VARIABLE = YES;
				IPHONEOS_DEPLOYMENT_TARGET = 12.2;
				MTL_ENABLE_DEBUG_INFO = INCLUDE_SOURCE;
				MTL_FAST_MATH = YES;
				ONLY_ACTIVE_ARCH = YES;
				SDKROOT = iphoneos;
				SWIFT_ACTIVE_COMPILATION_CONDITIONS = DEBUG;
				SWIFT_OPTIMIZATION_LEVEL = "-Onone";
			};
			name = Debug;
		};
		DDF838A523071796009A7861 /* Release */ = {
			isa = XCBuildConfiguration;
			buildSettings = {
				ALWAYS_SEARCH_USER_PATHS = NO;
				CLANG_ANALYZER_NONNULL = YES;
				CLANG_ANALYZER_NUMBER_OBJECT_CONVERSION = YES_AGGRESSIVE;
				CLANG_CXX_LANGUAGE_STANDARD = "gnu++14";
				CLANG_CXX_LIBRARY = "libc++";
				CLANG_ENABLE_MODULES = YES;
				CLANG_ENABLE_OBJC_ARC = YES;
				CLANG_ENABLE_OBJC_WEAK = YES;
				CLANG_WARN_BLOCK_CAPTURE_AUTORELEASING = YES;
				CLANG_WARN_BOOL_CONVERSION = YES;
				CLANG_WARN_COMMA = YES;
				CLANG_WARN_CONSTANT_CONVERSION = YES;
				CLANG_WARN_DEPRECATED_OBJC_IMPLEMENTATIONS = YES;
				CLANG_WARN_DIRECT_OBJC_ISA_USAGE = YES_ERROR;
				CLANG_WARN_DOCUMENTATION_COMMENTS = YES;
				CLANG_WARN_EMPTY_BODY = YES;
				CLANG_WARN_ENUM_CONVERSION = YES;
				CLANG_WARN_INFINITE_RECURSION = YES;
				CLANG_WARN_INT_CONVERSION = YES;
				CLANG_WARN_NON_LITERAL_NULL_CONVERSION = YES;
				CLANG_WARN_OBJC_IMPLICIT_RETAIN_SELF = YES;
				CLANG_WARN_OBJC_LITERAL_CONVERSION = YES;
				CLANG_WARN_OBJC_ROOT_CLASS = YES_ERROR;
				CLANG_WARN_RANGE_LOOP_ANALYSIS = YES;
				CLANG_WARN_STRICT_PROTOTYPES = YES;
				CLANG_WARN_SUSPICIOUS_MOVE = YES;
				CLANG_WARN_UNGUARDED_AVAILABILITY = YES_AGGRESSIVE;
				CLANG_WARN_UNREACHABLE_CODE = YES;
				CLANG_WARN__DUPLICATE_METHOD_MATCH = YES;
				CODE_SIGN_IDENTITY = "iPhone Developer";
				COPY_PHASE_STRIP = NO;
				DEBUG_INFORMATION_FORMAT = "dwarf-with-dsym";
				ENABLE_NS_ASSERTIONS = NO;
				ENABLE_STRICT_OBJC_MSGSEND = YES;
				GCC_C_LANGUAGE_STANDARD = gnu11;
				GCC_NO_COMMON_BLOCKS = YES;
				GCC_WARN_64_TO_32_BIT_CONVERSION = YES;
				GCC_WARN_ABOUT_RETURN_TYPE = YES_ERROR;
				GCC_WARN_UNDECLARED_SELECTOR = YES;
				GCC_WARN_UNINITIALIZED_AUTOS = YES_AGGRESSIVE;
				GCC_WARN_UNUSED_FUNCTION = YES;
				GCC_WARN_UNUSED_VARIABLE = YES;
				IPHONEOS_DEPLOYMENT_TARGET = 12.2;
				MTL_ENABLE_DEBUG_INFO = NO;
				MTL_FAST_MATH = YES;
				SDKROOT = iphoneos;
				SWIFT_COMPILATION_MODE = wholemodule;
				SWIFT_OPTIMIZATION_LEVEL = "-O";
				VALIDATE_PRODUCT = YES;
			};
			name = Release;
		};
		DDF838A723071796009A7861 /* Debug */ = {
			isa = XCBuildConfiguration;
			buildSettings = {
				ASSETCATALOG_COMPILER_APPICON_NAME = AppIcon;
				CODE_SIGN_IDENTITY = "iPhone Developer";
				CODE_SIGN_INJECT_BASE_ENTITLEMENTS = NO;
				CODE_SIGN_STYLE = Automatic;
				CURRENT_PROJECT_VERSION = 31;
				DEVELOPMENT_TEAM = QZ8D8NYCJ8;
				INFOPLIST_FILE = Dequer/Info.plist;
				IPHONEOS_DEPLOYMENT_TARGET = 9.3;
				LD_RUNPATH_SEARCH_PATHS = (
					"$(inherited)",
					"@executable_path/Frameworks",
				);
				MARKETING_VERSION = 1.2.1;
				PRODUCT_BUNDLE_IDENTIFIER = com.applecode.library.Dequer;
				PRODUCT_NAME = "$(TARGET_NAME)";
				PROVISIONING_PROFILE_SPECIFIER = "";
				SWIFT_VERSION = 5.0;
				TARGETED_DEVICE_FAMILY = "1,2";
			};
			name = Debug;
		};
		DDF838A823071796009A7861 /* Release */ = {
			isa = XCBuildConfiguration;
			buildSettings = {
				ASSETCATALOG_COMPILER_APPICON_NAME = AppIcon;
				CODE_SIGN_IDENTITY = "iPhone Developer";
				CODE_SIGN_INJECT_BASE_ENTITLEMENTS = NO;
				CODE_SIGN_STYLE = Automatic;
				CURRENT_PROJECT_VERSION = 31;
				DEVELOPMENT_TEAM = QZ8D8NYCJ8;
				INFOPLIST_FILE = Dequer/Info.plist;
				IPHONEOS_DEPLOYMENT_TARGET = 9.3;
				LD_RUNPATH_SEARCH_PATHS = (
					"$(inherited)",
					"@executable_path/Frameworks",
				);
				MARKETING_VERSION = 1.2.1;
				PRODUCT_BUNDLE_IDENTIFIER = com.applecode.library.Dequer;
				PRODUCT_NAME = "$(TARGET_NAME)";
				PROVISIONING_PROFILE_SPECIFIER = "";
				SWIFT_VERSION = 5.0;
				TARGETED_DEVICE_FAMILY = "1,2";
			};
			name = Release;
		};
/* End XCBuildConfiguration section */

/* Begin XCConfigurationList section */
		DDF8388F23071794009A7861 /* Build configuration list for PBXProject "Dequer" */ = {
			isa = XCConfigurationList;
			buildConfigurations = (
				DDF838A423071796009A7861 /* Debug */,
				DDF838A523071796009A7861 /* Release */,
			);
			defaultConfigurationIsVisible = 0;
			defaultConfigurationName = Release;
		};
		DDF838A623071796009A7861 /* Build configuration list for PBXNativeTarget "Dequer" */ = {
			isa = XCConfigurationList;
			buildConfigurations = (
				DDF838A723071796009A7861 /* Debug */,
				DDF838A823071796009A7861 /* Release */,
			);
			defaultConfigurationIsVisible = 0;
			defaultConfigurationName = Release;
		};
/* End XCConfigurationList section */
	};
	rootObject = DDF8388C23071794009A7861 /* Project object */;
}
